
Microsoft Visual Studio Solution File, Format Version 12.00
# Visual Studio Version 17
VisualStudioVersion = 17.0.31903.59
MinimumVisualStudioVersion = 10.0.40219.1
Project("{2150E333-8FDC-42A3-9474-1A3956D46DE8}") = "src", "src", "{827E0CD3-B72D-47B6-A68D-7590B98EB39B}"
EndProject
Project("{FAE04EC0-301F-11D3-BF4B-00C04F79EFBC}") = "Meridian.Mapping", "src\Meridian.Mapping\Meridian.Mapping.csproj", "{D83397BB-41B1-401C-84D6-816A2BA3307A}"
EndProject
Project("{FAE04EC0-301F-11D3-BF4B-00C04F79EFBC}") = "Meridian.Mediator", "src\Meridian.Mediator\Meridian.Mediator.csproj", "{C5AF0E88-C16F-4C85-9C6E-C2C6D6EA718C}"
EndProject
Project("{2150E333-8FDC-42A3-9474-1A3956D46DE8}") = "tests", "tests", "{0AB3BF05-4346-4AA6-1389-037BE0695223}"
EndProject
Project("{FAE04EC0-301F-11D3-BF4B-00C04F79EFBC}") = "Meridian.Mapping.Tests", "tests\Meridian.Mapping.Tests\Meridian.Mapping.Tests.csproj", "{9F7FAC26-0212-4373-BF29-4A576887EE24}"
EndProject
Project("{FAE04EC0-301F-11D3-BF4B-00C04F79EFBC}") = "Meridian.Mediator.Tests", "tests\Meridian.Mediator.Tests\Meridian.Mediator.Tests.csproj", "{12CB1281-85DE-48E2-AB7F-23B7EA4252E0}"
EndProject
Project("{2150E333-8FDC-42A3-9474-1A3956D46DE8}") = "samples", "samples", "{5D20AA90-6969-D8BD-9DCD-8634F4692FDA}"
EndProject
Project("{FAE04EC0-301F-11D3-BF4B-00C04F79EFBC}") = "Meridian.Showcase", "samples\Meridian.Showcase\Meridian.Showcase.csproj", "{D15FA738-D9F0-4809-A1AC-C752C90C72E6}"
EndProject
Project("{FAE04EC0-301F-11D3-BF4B-00C04F79EFBC}") = "Meridian.CleanArchitecture", "samples\Meridian.CleanArchitecture\Meridian.CleanArchitecture.csproj", "{1CD9BB36-7377-4743-8145-9FFFC66E7C6A}"
EndProject
Project("{FAE04EC0-301F-11D3-BF4B-00C04F79EFBC}") = "Meridian.ModularMonolith", "samples\Meridian.ModularMonolith\Meridian.ModularMonolith.csproj", "{A53A2EE9-1B45-4EEB-AB35-D90CE643C926}"
EndProject
Project("{FAE04EC0-301F-11D3-BF4B-00C04F79EFBC}") = "Meridian.VerticalSlice", "samples\Meridian.VerticalSlice\Meridian.VerticalSlice.csproj", "{ABA76451-6661-48EA-AE16-79416DCD7CDA}"
EndProject
Project("{FAE04EC0-301F-11D3-BF4B-00C04F79EFBC}") = "Meridian.EventDrivenCqrs", "samples\Meridian.EventDrivenCqrs\Meridian.EventDrivenCqrs.csproj", "{E8209F41-A91C-4716-9BE0-6F3C3B27475B}"
EndProject
Global
	GlobalSection(SolutionConfigurationPlatforms) = preSolution
		Debug|Any CPU = Debug|Any CPU
		Debug|x64 = Debug|x64
		Debug|x86 = Debug|x86
		Release|Any CPU = Release|Any CPU
		Release|x64 = Release|x64
		Release|x86 = Release|x86
	EndGlobalSection
	GlobalSection(ProjectConfigurationPlatforms) = postSolution
		{D83397BB-41B1-401C-84D6-816A2BA3307A}.Debug|Any CPU.ActiveCfg = Debug|Any CPU
		{D83397BB-41B1-401C-84D6-816A2BA3307A}.Debug|Any CPU.Build.0 = Debug|Any CPU
		{D83397BB-41B1-401C-84D6-816A2BA3307A}.Debug|x64.ActiveCfg = Debug|Any CPU
		{D83397BB-41B1-401C-84D6-816A2BA3307A}.Debug|x64.Build.0 = Debug|Any CPU
		{D83397BB-41B1-401C-84D6-816A2BA3307A}.Debug|x86.ActiveCfg = Debug|Any CPU
		{D83397BB-41B1-401C-84D6-816A2BA3307A}.Debug|x86.Build.0 = Debug|Any CPU
		{D83397BB-41B1-401C-84D6-816A2BA3307A}.Release|Any CPU.ActiveCfg = Release|Any CPU
		{D83397BB-41B1-401C-84D6-816A2BA3307A}.Release|Any CPU.Build.0 = Release|Any CPU
		{D83397BB-41B1-401C-84D6-816A2BA3307A}.Release|x64.ActiveCfg = Release|Any CPU
		{D83397BB-41B1-401C-84D6-816A2BA3307A}.Release|x64.Build.0 = Release|Any CPU
		{D83397BB-41B1-401C-84D6-816A2BA3307A}.Release|x86.ActiveCfg = Release|Any CPU
		{D83397BB-41B1-401C-84D6-816A2BA3307A}.Release|x86.Build.0 = Release|Any CPU
		{C5AF0E88-C16F-4C85-9C6E-C2C6D6EA718C}.Debug|Any CPU.ActiveCfg = Debug|Any CPU
		{C5AF0E88-C16F-4C85-9C6E-C2C6D6EA718C}.Debug|Any CPU.Build.0 = Debug|Any CPU
		{C5AF0E88-C16F-4C85-9C6E-C2C6D6EA718C}.Debug|x64.ActiveCfg = Debug|Any CPU
		{C5AF0E88-C16F-4C85-9C6E-C2C6D6EA718C}.Debug|x64.Build.0 = Debug|Any CPU
		{C5AF0E88-C16F-4C85-9C6E-C2C6D6EA718C}.Debug|x86.ActiveCfg = Debug|Any CPU
		{C5AF0E88-C16F-4C85-9C6E-C2C6D6EA718C}.Debug|x86.Build.0 = Debug|Any CPU
		{C5AF0E88-C16F-4C85-9C6E-C2C6D6EA718C}.Release|Any CPU.ActiveCfg = Release|Any CPU
		{C5AF0E88-C16F-4C85-9C6E-C2C6D6EA718C}.Release|Any CPU.Build.0 = Release|Any CPU
		{C5AF0E88-C16F-4C85-9C6E-C2C6D6EA718C}.Release|x64.ActiveCfg = Release|Any CPU
		{C5AF0E88-C16F-4C85-9C6E-C2C6D6EA718C}.Release|x64.Build.0 = Release|Any CPU
		{C5AF0E88-C16F-4C85-9C6E-C2C6D6EA718C}.Release|x86.ActiveCfg = Release|Any CPU
		{C5AF0E88-C16F-4C85-9C6E-C2C6D6EA718C}.Release|x86.Build.0 = Release|Any CPU
		{9F7FAC26-0212-4373-BF29-4A576887EE24}.Debug|Any CPU.ActiveCfg = Debug|Any CPU
		{9F7FAC26-0212-4373-BF29-4A576887EE24}.Debug|Any CPU.Build.0 = Debug|Any CPU
		{9F7FAC26-0212-4373-BF29-4A576887EE24}.Debug|x64.ActiveCfg = Debug|Any CPU
		{9F7FAC26-0212-4373-BF29-4A576887EE24}.Debug|x64.Build.0 = Debug|Any CPU
		{9F7FAC26-0212-4373-BF29-4A576887EE24}.Debug|x86.ActiveCfg = Debug|Any CPU
		{9F7FAC26-0212-4373-BF29-4A576887EE24}.Debug|x86.Build.0 = Debug|Any CPU
		{9F7FAC26-0212-4373-BF29-4A576887EE24}.Release|Any CPU.ActiveCfg = Release|Any CPU
		{9F7FAC26-0212-4373-BF29-4A576887EE24}.Release|Any CPU.Build.0 = Release|Any CPU
		{9F7FAC26-0212-4373-BF29-4A576887EE24}.Release|x64.ActiveCfg = Release|Any CPU
		{9F7FAC26-0212-4373-BF29-4A576887EE24}.Release|x64.Build.0 = Release|Any CPU
		{9F7FAC26-0212-4373-BF29-4A576887EE24}.Release|x86.ActiveCfg = Release|Any CPU
		{9F7FAC26-0212-4373-BF29-4A576887EE24}.Release|x86.Build.0 = Release|Any CPU
		{12CB1281-85DE-48E2-AB7F-23B7EA4252E0}.Debug|Any CPU.ActiveCfg = Debug|Any CPU
		{12CB1281-85DE-48E2-AB7F-23B7EA4252E0}.Debug|Any CPU.Build.0 = Debug|Any CPU
		{12CB1281-85DE-48E2-AB7F-23B7EA4252E0}.Debug|x64.ActiveCfg = Debug|Any CPU
		{12CB1281-85DE-48E2-AB7F-23B7EA4252E0}.Debug|x64.Build.0 = Debug|Any CPU
		{12CB1281-85DE-48E2-AB7F-23B7EA4252E0}.Debug|x86.ActiveCfg = Debug|Any CPU
		{12CB1281-85DE-48E2-AB7F-23B7EA4252E0}.Debug|x86.Build.0 = Debug|Any CPU
		{12CB1281-85DE-48E2-AB7F-23B7EA4252E0}.Release|Any CPU.ActiveCfg = Release|Any CPU
		{12CB1281-85DE-48E2-AB7F-23B7EA4252E0}.Release|Any CPU.Build.0 = Release|Any CPU
		{12CB1281-85DE-48E2-AB7F-23B7EA4252E0}.Release|x64.ActiveCfg = Release|Any CPU
		{12CB1281-85DE-48E2-AB7F-23B7EA4252E0}.Release|x64.Build.0 = Release|Any CPU
		{12CB1281-85DE-48E2-AB7F-23B7EA4252E0}.Release|x86.ActiveCfg = Release|Any CPU
		{12CB1281-85DE-48E2-AB7F-23B7EA4252E0}.Release|x86.Build.0 = Release|Any CPU
		{D15FA738-D9F0-4809-A1AC-C752C90C72E6}.Debug|Any CPU.ActiveCfg = Debug|Any CPU
		{D15FA738-D9F0-4809-A1AC-C752C90C72E6}.Debug|Any CPU.Build.0 = Debug|Any CPU
		{D15FA738-D9F0-4809-A1AC-C752C90C72E6}.Debug|x64.ActiveCfg = Debug|Any CPU
		{D15FA738-D9F0-4809-A1AC-C752C90C72E6}.Debug|x64.Build.0 = Debug|Any CPU
		{D15FA738-D9F0-4809-A1AC-C752C90C72E6}.Debug|x86.ActiveCfg = Debug|Any CPU
		{D15FA738-D9F0-4809-A1AC-C752C90C72E6}.Debug|x86.Build.0 = Debug|Any CPU
		{D15FA738-D9F0-4809-A1AC-C752C90C72E6}.Release|Any CPU.ActiveCfg = Release|Any CPU
		{D15FA738-D9F0-4809-A1AC-C752C90C72E6}.Release|Any CPU.Build.0 = Release|Any CPU
		{D15FA738-D9F0-4809-A1AC-C752C90C72E6}.Release|x64.ActiveCfg = Release|Any CPU
		{D15FA738-D9F0-4809-A1AC-C752C90C72E6}.Release|x64.Build.0 = Release|Any CPU
		{D15FA738-D9F0-4809-A1AC-C752C90C72E6}.Release|x86.ActiveCfg = Release|Any CPU
		{D15FA738-D9F0-4809-A1AC-C752C90C72E6}.Release|x86.Build.0 = Release|Any CPU
		{1CD9BB36-7377-4743-8145-9FFFC66E7C6A}.Debug|Any CPU.ActiveCfg = Debug|Any CPU
		{1CD9BB36-7377-4743-8145-9FFFC66E7C6A}.Debug|Any CPU.Build.0 = Debug|Any CPU
		{1CD9BB36-7377-4743-8145-9FFFC66E7C6A}.Debug|x64.ActiveCfg = Debug|Any CPU
		{1CD9BB36-7377-4743-8145-9FFFC66E7C6A}.Debug|x64.Build.0 = Debug|Any CPU
		{1CD9BB36-7377-4743-8145-9FFFC66E7C6A}.Debug|x86.ActiveCfg = Debug|Any CPU
		{1CD9BB36-7377-4743-8145-9FFFC66E7C6A}.Debug|x86.Build.0 = Debug|Any CPU
		{1CD9BB36-7377-4743-8145-9FFFC66E7C6A}.Release|Any CPU.ActiveCfg = Release|Any CPU
		{1CD9BB36-7377-4743-8145-9FFFC66E7C6A}.Release|Any CPU.Build.0 = Release|Any CPU
		{1CD9BB36-7377-4743-8145-9FFFC66E7C6A}.Release|x64.ActiveCfg = Release|Any CPU
		{1CD9BB36-7377-4743-8145-9FFFC66E7C6A}.Release|x64.Build.0 = Release|Any CPU
		{1CD9BB36-7377-4743-8145-9FFFC66E7C6A}.Release|x86.ActiveCfg = Release|Any CPU
		{1CD9BB36-7377-4743-8145-9FFFC66E7C6A}.Release|x86.Build.0 = Release|Any CPU
		{A53A2EE9-1B45-4EEB-AB35-D90CE643C926}.Debug|Any CPU.ActiveCfg = Debug|Any CPU
		{A53A2EE9-1B45-4EEB-AB35-D90CE643C926}.Debug|Any CPU.Build.0 = Debug|Any CPU
		{A53A2EE9-1B45-4EEB-AB35-D90CE643C926}.Debug|x64.ActiveCfg = Debug|Any CPU
		{A53A2EE9-1B45-4EEB-AB35-D90CE643C926}.Debug|x64.Build.0 = Debug|Any CPU
		{A53A2EE9-1B45-4EEB-AB35-D90CE643C926}.Debug|x86.ActiveCfg = Debug|Any CPU
		{A53A2EE9-1B45-4EEB-AB35-D90CE643C926}.Debug|x86.Build.0 = Debug|Any CPU
		{A53A2EE9-1B45-4EEB-AB35-D90CE643C926}.Release|Any CPU.ActiveCfg = Release|Any CPU
		{A53A2EE9-1B45-4EEB-AB35-D90CE643C926}.Release|Any CPU.Build.0 = Release|Any CPU
		{A53A2EE9-1B45-4EEB-AB35-D90CE643C926}.Release|x64.ActiveCfg = Release|Any CPU
		{A53A2EE9-1B45-4EEB-AB35-D90CE643C926}.Release|x64.Build.0 = Release|Any CPU
		{A53A2EE9-1B45-4EEB-AB35-D90CE643C926}.Release|x86.ActiveCfg = Release|Any CPU
		{A53A2EE9-1B45-4EEB-AB35-D90CE643C926}.Release|x86.Build.0 = Release|Any CPU
		{ABA76451-6661-48EA-AE16-79416DCD7CDA}.Debug|Any CPU.ActiveCfg = Debug|Any CPU
		{ABA76451-6661-48EA-AE16-79416DCD7CDA}.Debug|Any CPU.Build.0 = Debug|Any CPU
		{ABA76451-6661-48EA-AE16-79416DCD7CDA}.Debug|x64.ActiveCfg = Debug|Any CPU
		{ABA76451-6661-48EA-AE16-79416DCD7CDA}.Debug|x64.Build.0 = Debug|Any CPU
		{ABA76451-6661-48EA-AE16-79416DCD7CDA}.Debug|x86.ActiveCfg = Debug|Any CPU
		{ABA76451-6661-48EA-AE16-79416DCD7CDA}.Debug|x86.Build.0 = Debug|Any CPU
		{ABA76451-6661-48EA-AE16-79416DCD7CDA}.Release|Any CPU.ActiveCfg = Release|Any CPU
		{ABA76451-6661-48EA-AE16-79416DCD7CDA}.Release|Any CPU.Build.0 = Release|Any CPU
		{ABA76451-6661-48EA-AE16-79416DCD7CDA}.Release|x64.ActiveCfg = Release|Any CPU
		{ABA76451-6661-48EA-AE16-79416DCD7CDA}.Release|x64.Build.0 = Release|Any CPU
		{ABA76451-6661-48EA-AE16-79416DCD7CDA}.Release|x86.ActiveCfg = Release|Any CPU
		{ABA76451-6661-48EA-AE16-79416DCD7CDA}.Release|x86.Build.0 = Release|Any CPU
		{E8209F41-A91C-4716-9BE0-6F3C3B27475B}.Debug|Any CPU.ActiveCfg = Debug|Any CPU
		{E8209F41-A91C-4716-9BE0-6F3C3B27475B}.Debug|Any CPU.Build.0 = Debug|Any CPU
		{E8209F41-A91C-4716-9BE0-6F3C3B27475B}.Debug|x64.ActiveCfg = Debug|Any CPU
		{E8209F41-A91C-4716-9BE0-6F3C3B27475B}.Debug|x64.Build.0 = Debug|Any CPU
		{E8209F41-A91C-4716-9BE0-6F3C3B27475B}.Debug|x86.ActiveCfg = Debug|Any CPU
		{E8209F41-A91C-4716-9BE0-6F3C3B27475B}.Debug|x86.Build.0 = Debug|Any CPU
		{E8209F41-A91C-4716-9BE0-6F3C3B27475B}.Release|Any CPU.ActiveCfg = Release|Any CPU
		{E8209F41-A91C-4716-9BE0-6F3C3B27475B}.Release|Any CPU.Build.0 = Release|Any CPU
		{E8209F41-A91C-4716-9BE0-6F3C3B27475B}.Release|x64.ActiveCfg = Release|Any CPU
		{E8209F41-A91C-4716-9BE0-6F3C3B27475B}.Release|x64.Build.0 = Release|Any CPU
		{E8209F41-A91C-4716-9BE0-6F3C3B27475B}.Release|x86.ActiveCfg = Release|Any CPU
		{E8209F41-A91C-4716-9BE0-6F3C3B27475B}.Release|x86.Build.0 = Release|Any CPU
	EndGlobalSection
	GlobalSection(SolutionProperties) = preSolution
		HideSolutionNode = FALSE
	EndGlobalSection
	GlobalSection(NestedProjects) = preSolution
		{D83397BB-41B1-401C-84D6-816A2BA3307A} = {827E0CD3-B72D-47B6-A68D-7590B98EB39B}
		{C5AF0E88-C16F-4C85-9C6E-C2C6D6EA718C} = {827E0CD3-B72D-47B6-A68D-7590B98EB39B}
		{9F7FAC26-0212-4373-BF29-4A576887EE24} = {0AB3BF05-4346-4AA6-1389-037BE0695223}
		{12CB1281-85DE-48E2-AB7F-23B7EA4252E0} = {0AB3BF05-4346-4AA6-1389-037BE0695223}
		{D15FA738-D9F0-4809-A1AC-C752C90C72E6} = {5D20AA90-6969-D8BD-9DCD-8634F4692FDA}
		{1CD9BB36-7377-4743-8145-9FFFC66E7C6A} = {5D20AA90-6969-D8BD-9DCD-8634F4692FDA}
		{A53A2EE9-1B45-4EEB-AB35-D90CE643C926} = {5D20AA90-6969-D8BD-9DCD-8634F4692FDA}
		{ABA76451-6661-48EA-AE16-79416DCD7CDA} = {5D20AA90-6969-D8BD-9DCD-8634F4692FDA}
		{E8209F41-A91C-4716-9BE0-6F3C3B27475B} = {5D20AA90-6969-D8BD-9DCD-8634F4692FDA}
	EndGlobalSection
EndGlobal
